
Microsoft Visual Studio Solution File, Format Version 12.00
# Visual Studio Version 17
VisualStudioVersion = 17.0.32014.148
MinimumVisualStudioVersion = 10.0.40219.1
Project("{2150E333-8FDC-42A3-9474-1A3956D46DE8}") = "Services", "Services", "{A2AB1084-B33D-478B-A9EE-8F666BB32FAF}"
EndProject
Project("{2150E333-8FDC-42A3-9474-1A3956D46DE8}") = "Catalog", "Catalog", "{E20DAB64-8FFB-4EAD-BD80-EFBC137A9FBE}"
EndProject
Project("{9A19103F-16F7-4668-BE54-9A1E7A4F7556}") = "Catalog.API", "Services\Catalog\Catalog.API\Catalog.API.csproj", "{5912EEC9-136C-4DEB-95ED-365B311503B2}"
EndProject
Project("{E53339B2-1760-4266-BCC7-CA923CBCF16C}") = "docker-compose", "docker-compose.dcproj", "{30AD17D5-412C-4485-ACF2-C4D3D66C562E}"
EndProject
Project("{2150E333-8FDC-42A3-9474-1A3956D46DE8}") = "Basket", "Basket", "{3137BA30-F313-4A9B-AC67-29142E11ED5D}"
EndProject
Project("{9A19103F-16F7-4668-BE54-9A1E7A4F7556}") = "Basket.API", "Services\Basket\Basket.API\Basket.API.csproj", "{36AE3534-D68F-4297-8E8D-C8363251C526}"
EndProject
Project("{2150E333-8FDC-42A3-9474-1A3956D46DE8}") = "Discount", "Discount", "{0D544FFA-278D-4262-BB8B-C4008A8A3ADF}"
EndProject
Project("{9A19103F-16F7-4668-BE54-9A1E7A4F7556}") = "Discount.API", "Services\Discount\Discount.API\Discount.API.csproj", "{13EF886A-4CED-40A6-A52D-ACB8D2F2247E}"
EndProject
Project("{9A19103F-16F7-4668-BE54-9A1E7A4F7556}") = "Discount.Grpc", "Services\Discount\Discount.Grpc\Discount.Grpc.csproj", "{D651B89C-3BE2-479B-A783-4246EB24FB7A}"
EndProject
Project("{2150E333-8FDC-42A3-9474-1A3956D46DE8}") = "Ordering", "Ordering", "{41DF0F3B-7E46-446E-8AB2-629B2A26CBBC}"
EndProject
Project("{9A19103F-16F7-4668-BE54-9A1E7A4F7556}") = "Ordering.API", "Services\Ordering\Ordering.API\Ordering.API.csproj", "{6B0742C7-82D1-4E78-B294-2819FFC60997}"
EndProject
Project("{9A19103F-16F7-4668-BE54-9A1E7A4F7556}") = "Ordering.Domain", "Services\Ordering\Ordering.Domain\Ordering.Domain.csproj", "{2B2797F3-161D-4C15-8A75-72FB26D8A811}"
EndProject
Project("{9A19103F-16F7-4668-BE54-9A1E7A4F7556}") = "Ordering.Application", "Services\Ordering\Ordering.Application\Ordering.Application.csproj", "{C4C1069D-A6C4-4F55-906A-C90FC52A9FA0}"
EndProject
Project("{9A19103F-16F7-4668-BE54-9A1E7A4F7556}") = "Ordering.Infrastructure", "Services\Ordering\Ordering.Infrastructure\Ordering.Infrastructure.csproj", "{49A44402-8505-4E6C-802D-5F4F1B9B96AF}"
EndProject
Project("{2150E333-8FDC-42A3-9474-1A3956D46DE8}") = "BuildingBlocks", "BuildingBlocks", "{F1F540FD-083D-4E47-B596-18971C9E1D50}"
EndProject
Project("{9A19103F-16F7-4668-BE54-9A1E7A4F7556}") = "EventBus.Messages", "BuildingBlocks\EventBus.Messages\EventBus.Messages.csproj", "{C645DF60-40C5-429A-B8F5-CD60BC76573E}"
EndProject
Project("{2150E333-8FDC-42A3-9474-1A3956D46DE8}") = "ApiGateways", "ApiGateways", "{9BFBB570-4F80-4667-87F6-FA6618E83F1B}"
EndProject
Project("{FAE04EC0-301F-11D3-BF4B-00C04F79EFBC}") = "OcelotApiGw", "ApiGateways\OcelotApiGw\OcelotApiGw.csproj", "{AC7EAAED-1128-4196-8E1A-A45C9D688FB7}"
EndProject
Global
	GlobalSection(SolutionConfigurationPlatforms) = preSolution
		Debug|Any CPU = Debug|Any CPU
		Release|Any CPU = Release|Any CPU
	EndGlobalSection
	GlobalSection(ProjectConfigurationPlatforms) = postSolution
		{5912EEC9-136C-4DEB-95ED-365B311503B2}.Debug|Any CPU.ActiveCfg = Debug|Any CPU
		{5912EEC9-136C-4DEB-95ED-365B311503B2}.Debug|Any CPU.Build.0 = Debug|Any CPU
		{5912EEC9-136C-4DEB-95ED-365B311503B2}.Release|Any CPU.ActiveCfg = Release|Any CPU
		{5912EEC9-136C-4DEB-95ED-365B311503B2}.Release|Any CPU.Build.0 = Release|Any CPU
		{30AD17D5-412C-4485-ACF2-C4D3D66C562E}.Debug|Any CPU.ActiveCfg = Debug|Any CPU
		{30AD17D5-412C-4485-ACF2-C4D3D66C562E}.Debug|Any CPU.Build.0 = Debug|Any CPU
		{30AD17D5-412C-4485-ACF2-C4D3D66C562E}.Release|Any CPU.ActiveCfg = Release|Any CPU
		{30AD17D5-412C-4485-ACF2-C4D3D66C562E}.Release|Any CPU.Build.0 = Release|Any CPU
		{36AE3534-D68F-4297-8E8D-C8363251C526}.Debug|Any CPU.ActiveCfg = Debug|Any CPU
		{36AE3534-D68F-4297-8E8D-C8363251C526}.Debug|Any CPU.Build.0 = Debug|Any CPU
		{36AE3534-D68F-4297-8E8D-C8363251C526}.Release|Any CPU.ActiveCfg = Release|Any CPU
		{36AE3534-D68F-4297-8E8D-C8363251C526}.Release|Any CPU.Build.0 = Release|Any CPU
		{13EF886A-4CED-40A6-A52D-ACB8D2F2247E}.Debug|Any CPU.ActiveCfg = Debug|Any CPU
		{13EF886A-4CED-40A6-A52D-ACB8D2F2247E}.Debug|Any CPU.Build.0 = Debug|Any CPU
		{13EF886A-4CED-40A6-A52D-ACB8D2F2247E}.Release|Any CPU.ActiveCfg = Release|Any CPU
		{13EF886A-4CED-40A6-A52D-ACB8D2F2247E}.Release|Any CPU.Build.0 = Release|Any CPU
		{D651B89C-3BE2-479B-A783-4246EB24FB7A}.Debug|Any CPU.ActiveCfg = Debug|Any CPU
		{D651B89C-3BE2-479B-A783-4246EB24FB7A}.Debug|Any CPU.Build.0 = Debug|Any CPU
		{D651B89C-3BE2-479B-A783-4246EB24FB7A}.Release|Any CPU.ActiveCfg = Release|Any CPU
		{D651B89C-3BE2-479B-A783-4246EB24FB7A}.Release|Any CPU.Build.0 = Release|Any CPU
		{6B0742C7-82D1-4E78-B294-2819FFC60997}.Debug|Any CPU.ActiveCfg = Debug|Any CPU
		{6B0742C7-82D1-4E78-B294-2819FFC60997}.Debug|Any CPU.Build.0 = Debug|Any CPU
		{6B0742C7-82D1-4E78-B294-2819FFC60997}.Release|Any CPU.ActiveCfg = Release|Any CPU
		{6B0742C7-82D1-4E78-B294-2819FFC60997}.Release|Any CPU.Build.0 = Release|Any CPU
		{2B2797F3-161D-4C15-8A75-72FB26D8A811}.Debug|Any CPU.ActiveCfg = Debug|Any CPU
		{2B2797F3-161D-4C15-8A75-72FB26D8A811}.Debug|Any CPU.Build.0 = Debug|Any CPU
		{2B2797F3-161D-4C15-8A75-72FB26D8A811}.Release|Any CPU.ActiveCfg = Release|Any CPU
		{2B2797F3-161D-4C15-8A75-72FB26D8A811}.Release|Any CPU.Build.0 = Release|Any CPU
		{C4C1069D-A6C4-4F55-906A-C90FC52A9FA0}.Debug|Any CPU.ActiveCfg = Debug|Any CPU
		{C4C1069D-A6C4-4F55-906A-C90FC52A9FA0}.Debug|Any CPU.Build.0 = Debug|Any CPU
		{C4C1069D-A6C4-4F55-906A-C90FC52A9FA0}.Release|Any CPU.ActiveCfg = Release|Any CPU
		{C4C1069D-A6C4-4F55-906A-C90FC52A9FA0}.Release|Any CPU.Build.0 = Release|Any CPU
		{49A44402-8505-4E6C-802D-5F4F1B9B96AF}.Debug|Any CPU.ActiveCfg = Debug|Any CPU
		{49A44402-8505-4E6C-802D-5F4F1B9B96AF}.Debug|Any CPU.Build.0 = Debug|Any CPU
		{49A44402-8505-4E6C-802D-5F4F1B9B96AF}.Release|Any CPU.ActiveCfg = Release|Any CPU
		{49A44402-8505-4E6C-802D-5F4F1B9B96AF}.Release|Any CPU.Build.0 = Release|Any CPU
		{C645DF60-40C5-429A-B8F5-CD60BC76573E}.Debug|Any CPU.ActiveCfg = Debug|Any CPU
		{C645DF60-40C5-429A-B8F5-CD60BC76573E}.Debug|Any CPU.Build.0 = Debug|Any CPU
		{C645DF60-40C5-429A-B8F5-CD60BC76573E}.Release|Any CPU.ActiveCfg = Release|Any CPU
		{C645DF60-40C5-429A-B8F5-CD60BC76573E}.Release|Any CPU.Build.0 = Release|Any CPU
		{AC7EAAED-1128-4196-8E1A-A45C9D688FB7}.Debug|Any CPU.ActiveCfg = Debug|Any CPU
		{AC7EAAED-1128-4196-8E1A-A45C9D688FB7}.Debug|Any CPU.Build.0 = Debug|Any CPU
		{AC7EAAED-1128-4196-8E1A-A45C9D688FB7}.Release|Any CPU.ActiveCfg = Release|Any CPU
		{AC7EAAED-1128-4196-8E1A-A45C9D688FB7}.Release|Any CPU.Build.0 = Release|Any CPU
	EndGlobalSection
	GlobalSection(SolutionProperties) = preSolution
		HideSolutionNode = FALSE
	EndGlobalSection
	GlobalSection(NestedProjects) = preSolution
		{E20DAB64-8FFB-4EAD-BD80-EFBC137A9FBE} = {A2AB1084-B33D-478B-A9EE-8F666BB32FAF}
		{5912EEC9-136C-4DEB-95ED-365B311503B2} = {E20DAB64-8FFB-4EAD-BD80-EFBC137A9FBE}
		{3137BA30-F313-4A9B-AC67-29142E11ED5D} = {A2AB1084-B33D-478B-A9EE-8F666BB32FAF}
		{36AE3534-D68F-4297-8E8D-C8363251C526} = {3137BA30-F313-4A9B-AC67-29142E11ED5D}
		{0D544FFA-278D-4262-BB8B-C4008A8A3ADF} = {A2AB1084-B33D-478B-A9EE-8F666BB32FAF}
		{13EF886A-4CED-40A6-A52D-ACB8D2F2247E} = {0D544FFA-278D-4262-BB8B-C4008A8A3ADF}
		{D651B89C-3BE2-479B-A783-4246EB24FB7A} = {0D544FFA-278D-4262-BB8B-C4008A8A3ADF}
		{41DF0F3B-7E46-446E-8AB2-629B2A26CBBC} = {A2AB1084-B33D-478B-A9EE-8F666BB32FAF}
		{6B0742C7-82D1-4E78-B294-2819FFC60997} = {41DF0F3B-7E46-446E-8AB2-629B2A26CBBC}
		{2B2797F3-161D-4C15-8A75-72FB26D8A811} = {41DF0F3B-7E46-446E-8AB2-629B2A26CBBC}
		{C4C1069D-A6C4-4F55-906A-C90FC52A9FA0} = {41DF0F3B-7E46-446E-8AB2-629B2A26CBBC}
		{49A44402-8505-4E6C-802D-5F4F1B9B96AF} = {41DF0F3B-7E46-446E-8AB2-629B2A26CBBC}
		{C645DF60-40C5-429A-B8F5-CD60BC76573E} = {F1F540FD-083D-4E47-B596-18971C9E1D50}
		{AC7EAAED-1128-4196-8E1A-A45C9D688FB7} = {9BFBB570-4F80-4667-87F6-FA6618E83F1B}
	EndGlobalSection
	GlobalSection(ExtensibilityGlobals) = postSolution
		SolutionGuid = {7B2D03D4-3EA8-4D07-B0B3-15FAEBD52005}
	EndGlobalSection
EndGlobal
